
Microsoft Visual Studio Solution File, Format Version 12.00
# Visual Studio Version 17
VisualStudioVersion = 17.13.35818.85
MinimumVisualStudioVersion = 10.0.40219.1
Project("{FAE04EC0-301F-11D3-BF4B-00C04F79EFBC}") = "DM365NewsApi", "DM365News\DM365NewsApi.csproj", "{97172360-8A67-45C3-8256-A963E90A0789}"
EndProject
Project("{54A90642-561A-4BB1-A94E-469ADEE60C69}") = "dm365newsfront", "DM365NewsFront\dm365newsfront.esproj", "{2B165A8F-E1A2-D531-090A-A5A5963CA969}"
EndProject
Global
	GlobalSection(SolutionConfigurationPlatforms) = preSolution
		Debug|Any CPU = Debug|Any CPU
		Release|Any CPU = Release|Any CPU
	EndGlobalSection
	GlobalSection(ProjectConfigurationPlatforms) = postSolution
		{97172360-8A67-45C3-8256-A963E90A0789}.Debug|Any CPU.ActiveCfg = Debug|Any CPU
		{97172360-8A67-45C3-8256-A963E90A0789}.Debug|Any CPU.Build.0 = Debug|Any CPU
		{97172360-8A67-45C3-8256-A963E90A0789}.Release|Any CPU.ActiveCfg = Release|Any CPU
		{97172360-8A67-45C3-8256-A963E90A0789}.Release|Any CPU.Build.0 = Release|Any CPU
		{2B165A8F-E1A2-D531-090A-A5A5963CA969}.Debug|Any CPU.ActiveCfg = Debug|Any CPU
		{2B165A8F-E1A2-D531-090A-A5A5963CA969}.Debug|Any CPU.Build.0 = Debug|Any CPU
		{2B165A8F-E1A2-D531-090A-A5A5963CA969}.Debug|Any CPU.Deploy.0 = Debug|Any CPU
		{2B165A8F-E1A2-D531-090A-A5A5963CA969}.Release|Any CPU.ActiveCfg = Release|Any CPU
		{2B165A8F-E1A2-D531-090A-A5A5963CA969}.Release|Any CPU.Build.0 = Release|Any CPU
		{2B165A8F-E1A2-D531-090A-A5A5963CA969}.Release|Any CPU.Deploy.0 = Release|Any CPU
	EndGlobalSection
	GlobalSection(SolutionProperties) = preSolution
		HideSolutionNode = FALSE
	EndGlobalSection
	GlobalSection(ExtensibilityGlobals) = postSolution
		SolutionGuid = {877FD0A7-1BF1-4D7D-B71F-885037F41BF8}
	EndGlobalSection
EndGlobal
